
Microsoft Visual Studio Solution File, Format Version 12.00
# Visual Studio 15
VisualStudioVersion = 15.0.28307.1000
MinimumVisualStudioVersion = 10.0.40219.1
Project("{FAE04EC0-301F-11D3-BF4B-00C04F79EFBC}") = "Lab6.Android", "Lab6\Lab6.Android\Lab6.Android.csproj", "{3B0AE453-1BB8-4B14-B609-FAB44F0A209F}"
EndProject
Project("{FAE04EC0-301F-11D3-BF4B-00C04F79EFBC}") = "Lab6.iOS", "Lab6\Lab6.iOS\Lab6.iOS.csproj", "{4CA1FBD2-516E-4459-A4F8-13834DAFBF9A}"
EndProject
Project("{FAE04EC0-301F-11D3-BF4B-00C04F79EFBC}") = "Lab6.UWP", "Lab6\Lab6.UWP\Lab6.UWP.csproj", "{4993578A-56F0-4B55-97B8-91D8207B3CF9}"
EndProject
Project("{FAE04EC0-301F-11D3-BF4B-00C04F79EFBC}") = "Lab6", "Lab6\Lab6\Lab6.csproj", "{FA1B90CD-F31A-4E93-8205-8CD8AE13C638}"
EndProject
Global
	GlobalSection(SolutionConfigurationPlatforms) = preSolution
		Ad-Hoc|Any CPU = Ad-Hoc|Any CPU
		Ad-Hoc|ARM = Ad-Hoc|ARM
		Ad-Hoc|iPhone = Ad-Hoc|iPhone
		Ad-Hoc|iPhoneSimulator = Ad-Hoc|iPhoneSimulator
		Ad-Hoc|x64 = Ad-Hoc|x64
		Ad-Hoc|x86 = Ad-Hoc|x86
		AppStore|Any CPU = AppStore|Any CPU
		AppStore|ARM = AppStore|ARM
		AppStore|iPhone = AppStore|iPhone
		AppStore|iPhoneSimulator = AppStore|iPhoneSimulator
		AppStore|x64 = AppStore|x64
		AppStore|x86 = AppStore|x86
		Debug|Any CPU = Debug|Any CPU
		Debug|ARM = Debug|ARM
		Debug|iPhone = Debug|iPhone
		Debug|iPhoneSimulator = Debug|iPhoneSimulator
		Debug|x64 = Debug|x64
		Debug|x86 = Debug|x86
		Release|Any CPU = Release|Any CPU
		Release|ARM = Release|ARM
		Release|iPhone = Release|iPhone
		Release|iPhoneSimulator = Release|iPhoneSimulator
		Release|x64 = Release|x64
		Release|x86 = Release|x86
	EndGlobalSection
	GlobalSection(ProjectConfigurationPlatforms) = postSolution
		{3B0AE453-1BB8-4B14-B609-FAB44F0A209F}.Ad-Hoc|Any CPU.ActiveCfg = Release|Any CPU
		{3B0AE453-1BB8-4B14-B609-FAB44F0A209F}.Ad-Hoc|Any CPU.Build.0 = Release|Any CPU
		{3B0AE453-1BB8-4B14-B609-FAB44F0A209F}.Ad-Hoc|Any CPU.Deploy.0 = Release|Any CPU
		{3B0AE453-1BB8-4B14-B609-FAB44F0A209F}.Ad-Hoc|ARM.ActiveCfg = Release|Any CPU
		{3B0AE453-1BB8-4B14-B609-FAB44F0A209F}.Ad-Hoc|ARM.Build.0 = Release|Any CPU
		{3B0AE453-1BB8-4B14-B609-FAB44F0A209F}.Ad-Hoc|ARM.Deploy.0 = Release|Any CPU
		{3B0AE453-1BB8-4B14-B609-FAB44F0A209F}.Ad-Hoc|iPhone.ActiveCfg = Release|Any CPU
		{3B0AE453-1BB8-4B14-B609-FAB44F0A209F}.Ad-Hoc|iPhone.Build.0 = Release|Any CPU
		{3B0AE453-1BB8-4B14-B609-FAB44F0A209F}.Ad-Hoc|iPhone.Deploy.0 = Release|Any CPU
		{3B0AE453-1BB8-4B14-B609-FAB44F0A209F}.Ad-Hoc|iPhoneSimulator.ActiveCfg = Release|Any CPU
		{3B0AE453-1BB8-4B14-B609-FAB44F0A209F}.Ad-Hoc|iPhoneSimulator.Build.0 = Release|Any CPU
		{3B0AE453-1BB8-4B14-B609-FAB44F0A209F}.Ad-Hoc|iPhoneSimulator.Deploy.0 = Release|Any CPU
		{3B0AE453-1BB8-4B14-B609-FAB44F0A209F}.Ad-Hoc|x64.ActiveCfg = Release|Any CPU
		{3B0AE453-1BB8-4B14-B609-FAB44F0A209F}.Ad-Hoc|x64.Build.0 = Release|Any CPU
		{3B0AE453-1BB8-4B14-B609-FAB44F0A209F}.Ad-Hoc|x64.Deploy.0 = Release|Any CPU
		{3B0AE453-1BB8-4B14-B609-FAB44F0A209F}.Ad-Hoc|x86.ActiveCfg = Release|Any CPU
		{3B0AE453-1BB8-4B14-B609-FAB44F0A209F}.Ad-Hoc|x86.Build.0 = Release|Any CPU
		{3B0AE453-1BB8-4B14-B609-FAB44F0A209F}.Ad-Hoc|x86.Deploy.0 = Release|Any CPU
		{3B0AE453-1BB8-4B14-B609-FAB44F0A209F}.AppStore|Any CPU.ActiveCfg = Release|Any CPU
		{3B0AE453-1BB8-4B14-B609-FAB44F0A209F}.AppStore|Any CPU.Build.0 = Release|Any CPU
		{3B0AE453-1BB8-4B14-B609-FAB44F0A209F}.AppStore|Any CPU.Deploy.0 = Release|Any CPU
		{3B0AE453-1BB8-4B14-B609-FAB44F0A209F}.AppStore|ARM.ActiveCfg = Release|Any CPU
		{3B0AE453-1BB8-4B14-B609-FAB44F0A209F}.AppStore|ARM.Build.0 = Release|Any CPU
		{3B0AE453-1BB8-4B14-B609-FAB44F0A209F}.AppStore|ARM.Deploy.0 = Release|Any CPU
		{3B0AE453-1BB8-4B14-B609-FAB44F0A209F}.AppStore|iPhone.ActiveCfg = Release|Any CPU
		{3B0AE453-1BB8-4B14-B609-FAB44F0A209F}.AppStore|iPhone.Build.0 = Release|Any CPU
		{3B0AE453-1BB8-4B14-B609-FAB44F0A209F}.AppStore|iPhone.Deploy.0 = Release|Any CPU
		{3B0AE453-1BB8-4B14-B609-FAB44F0A209F}.AppStore|iPhoneSimulator.ActiveCfg = Release|Any CPU
		{3B0AE453-1BB8-4B14-B609-FAB44F0A209F}.AppStore|iPhoneSimulator.Build.0 = Release|Any CPU
		{3B0AE453-1BB8-4B14-B609-FAB44F0A209F}.AppStore|iPhoneSimulator.Deploy.0 = Release|Any CPU
		{3B0AE453-1BB8-4B14-B609-FAB44F0A209F}.AppStore|x64.ActiveCfg = Release|Any CPU
		{3B0AE453-1BB8-4B14-B609-FAB44F0A209F}.AppStore|x64.Build.0 = Release|Any CPU
		{3B0AE453-1BB8-4B14-B609-FAB44F0A209F}.AppStore|x64.Deploy.0 = Release|Any CPU
		{3B0AE453-1BB8-4B14-B609-FAB44F0A209F}.AppStore|x86.ActiveCfg = Release|Any CPU
		{3B0AE453-1BB8-4B14-B609-FAB44F0A209F}.AppStore|x86.Build.0 = Release|Any CPU
		{3B0AE453-1BB8-4B14-B609-FAB44F0A209F}.AppStore|x86.Deploy.0 = Release|Any CPU
		{3B0AE453-1BB8-4B14-B609-FAB44F0A209F}.Debug|Any CPU.ActiveCfg = Debug|Any CPU
		{3B0AE453-1BB8-4B14-B609-FAB44F0A209F}.Debug|Any CPU.Build.0 = Debug|Any CPU
		{3B0AE453-1BB8-4B14-B609-FAB44F0A209F}.Debug|Any CPU.Deploy.0 = Debug|Any CPU
		{3B0AE453-1BB8-4B14-B609-FAB44F0A209F}.Debug|ARM.ActiveCfg = Debug|Any CPU
		{3B0AE453-1BB8-4B14-B609-FAB44F0A209F}.Debug|ARM.Build.0 = Debug|Any CPU
		{3B0AE453-1BB8-4B14-B609-FAB44F0A209F}.Debug|ARM.Deploy.0 = Debug|Any CPU
		{3B0AE453-1BB8-4B14-B609-FAB44F0A209F}.Debug|iPhone.ActiveCfg = Debug|Any CPU
		{3B0AE453-1BB8-4B14-B609-FAB44F0A209F}.Debug|iPhone.Build.0 = Debug|Any CPU
		{3B0AE453-1BB8-4B14-B609-FAB44F0A209F}.Debug|iPhone.Deploy.0 = Debug|Any CPU
		{3B0AE453-1BB8-4B14-B609-FAB44F0A209F}.Debug|iPhoneSimulator.ActiveCfg = Debug|Any CPU
		{3B0AE453-1BB8-4B14-B609-FAB44F0A209F}.Debug|iPhoneSimulator.Build.0 = Debug|Any CPU
		{3B0AE453-1BB8-4B14-B609-FAB44F0A209F}.Debug|iPhoneSimulator.Deploy.0 = Debug|Any CPU
		{3B0AE453-1BB8-4B14-B609-FAB44F0A209F}.Debug|x64.ActiveCfg = Debug|Any CPU
		{3B0AE453-1BB8-4B14-B609-FAB44F0A209F}.Debug|x64.Build.0 = Debug|Any CPU
		{3B0AE453-1BB8-4B14-B609-FAB44F0A209F}.Debug|x64.Deploy.0 = Debug|Any CPU
		{3B0AE453-1BB8-4B14-B609-FAB44F0A209F}.Debug|x86.ActiveCfg = Debug|Any CPU
		{3B0AE453-1BB8-4B14-B609-FAB44F0A209F}.Debug|x86.Build.0 = Debug|Any CPU
		{3B0AE453-1BB8-4B14-B609-FAB44F0A209F}.Debug|x86.Deploy.0 = Debug|Any CPU
		{3B0AE453-1BB8-4B14-B609-FAB44F0A209F}.Release|Any CPU.ActiveCfg = Release|Any CPU
		{3B0AE453-1BB8-4B14-B609-FAB44F0A209F}.Release|Any CPU.Build.0 = Release|Any CPU
		{3B0AE453-1BB8-4B14-B609-FAB44F0A209F}.Release|Any CPU.Deploy.0 = Release|Any CPU
		{3B0AE453-1BB8-4B14-B609-FAB44F0A209F}.Release|ARM.ActiveCfg = Release|Any CPU
		{3B0AE453-1BB8-4B14-B609-FAB44F0A209F}.Release|ARM.Build.0 = Release|Any CPU
		{3B0AE453-1BB8-4B14-B609-FAB44F0A209F}.Release|ARM.Deploy.0 = Release|Any CPU
		{3B0AE453-1BB8-4B14-B609-FAB44F0A209F}.Release|iPhone.ActiveCfg = Release|Any CPU
		{3B0AE453-1BB8-4B14-B609-FAB44F0A209F}.Release|iPhone.Build.0 = Release|Any CPU
		{3B0AE453-1BB8-4B14-B609-FAB44F0A209F}.Release|iPhone.Deploy.0 = Release|Any CPU
		{3B0AE453-1BB8-4B14-B609-FAB44F0A209F}.Release|iPhoneSimulator.ActiveCfg = Release|Any CPU
		{3B0AE453-1BB8-4B14-B609-FAB44F0A209F}.Release|iPhoneSimulator.Build.0 = Release|Any CPU
		{3B0AE453-1BB8-4B14-B609-FAB44F0A209F}.Release|iPhoneSimulator.Deploy.0 = Release|Any CPU
		{3B0AE453-1BB8-4B14-B609-FAB44F0A209F}.Release|x64.ActiveCfg = Release|Any CPU
		{3B0AE453-1BB8-4B14-B609-FAB44F0A209F}.Release|x64.Build.0 = Release|Any CPU
		{3B0AE453-1BB8-4B14-B609-FAB44F0A209F}.Release|x64.Deploy.0 = Release|Any CPU
		{3B0AE453-1BB8-4B14-B609-FAB44F0A209F}.Release|x86.ActiveCfg = Release|Any CPU
		{3B0AE453-1BB8-4B14-B609-FAB44F0A209F}.Release|x86.Build.0 = Release|Any CPU
		{3B0AE453-1BB8-4B14-B609-FAB44F0A209F}.Release|x86.Deploy.0 = Release|Any CPU
		{4CA1FBD2-516E-4459-A4F8-13834DAFBF9A}.Ad-Hoc|Any CPU.ActiveCfg = Ad-Hoc|iPhone
		{4CA1FBD2-516E-4459-A4F8-13834DAFBF9A}.Ad-Hoc|Any CPU.Build.0 = Ad-Hoc|iPhone
		{4CA1FBD2-516E-4459-A4F8-13834DAFBF9A}.Ad-Hoc|Any CPU.Deploy.0 = Ad-Hoc|iPhone
		{4CA1FBD2-516E-4459-A4F8-13834DAFBF9A}.Ad-Hoc|ARM.ActiveCfg = Ad-Hoc|iPhone
		{4CA1FBD2-516E-4459-A4F8-13834DAFBF9A}.Ad-Hoc|ARM.Build.0 = Ad-Hoc|iPhone
		{4CA1FBD2-516E-4459-A4F8-13834DAFBF9A}.Ad-Hoc|ARM.Deploy.0 = Ad-Hoc|iPhone
		{4CA1FBD2-516E-4459-A4F8-13834DAFBF9A}.Ad-Hoc|iPhone.ActiveCfg = Ad-Hoc|iPhone
		{4CA1FBD2-516E-4459-A4F8-13834DAFBF9A}.Ad-Hoc|iPhone.Build.0 = Ad-Hoc|iPhone
		{4CA1FBD2-516E-4459-A4F8-13834DAFBF9A}.Ad-Hoc|iPhone.Deploy.0 = Ad-Hoc|iPhone
		{4CA1FBD2-516E-4459-A4F8-13834DAFBF9A}.Ad-Hoc|iPhoneSimulator.ActiveCfg = Ad-Hoc|iPhoneSimulator
		{4CA1FBD2-516E-4459-A4F8-13834DAFBF9A}.Ad-Hoc|iPhoneSimulator.Build.0 = Ad-Hoc|iPhoneSimulator
		{4CA1FBD2-516E-4459-A4F8-13834DAFBF9A}.Ad-Hoc|iPhoneSimulator.Deploy.0 = Ad-Hoc|iPhoneSimulator
		{4CA1FBD2-516E-4459-A4F8-13834DAFBF9A}.Ad-Hoc|x64.ActiveCfg = Ad-Hoc|iPhone
		{4CA1FBD2-516E-4459-A4F8-13834DAFBF9A}.Ad-Hoc|x64.Build.0 = Ad-Hoc|iPhone
		{4CA1FBD2-516E-4459-A4F8-13834DAFBF9A}.Ad-Hoc|x64.Deploy.0 = Ad-Hoc|iPhone
		{4CA1FBD2-516E-4459-A4F8-13834DAFBF9A}.Ad-Hoc|x86.ActiveCfg = Ad-Hoc|iPhone
		{4CA1FBD2-516E-4459-A4F8-13834DAFBF9A}.Ad-Hoc|x86.Build.0 = Ad-Hoc|iPhone
		{4CA1FBD2-516E-4459-A4F8-13834DAFBF9A}.Ad-Hoc|x86.Deploy.0 = Ad-Hoc|iPhone
		{4CA1FBD2-516E-4459-A4F8-13834DAFBF9A}.AppStore|Any CPU.ActiveCfg = AppStore|iPhone
		{4CA1FBD2-516E-4459-A4F8-13834DAFBF9A}.AppStore|Any CPU.Build.0 = AppStore|iPhone
		{4CA1FBD2-516E-4459-A4F8-13834DAFBF9A}.AppStore|Any CPU.Deploy.0 = AppStore|iPhone
		{4CA1FBD2-516E-4459-A4F8-13834DAFBF9A}.AppStore|ARM.ActiveCfg = AppStore|iPhone
		{4CA1FBD2-516E-4459-A4F8-13834DAFBF9A}.AppStore|ARM.Build.0 = AppStore|iPhone
		{4CA1FBD2-516E-4459-A4F8-13834DAFBF9A}.AppStore|ARM.Deploy.0 = AppStore|iPhone
		{4CA1FBD2-516E-4459-A4F8-13834DAFBF9A}.AppStore|iPhone.ActiveCfg = AppStore|iPhone
		{4CA1FBD2-516E-4459-A4F8-13834DAFBF9A}.AppStore|iPhone.Build.0 = AppStore|iPhone
		{4CA1FBD2-516E-4459-A4F8-13834DAFBF9A}.AppStore|iPhone.Deploy.0 = AppStore|iPhone
		{4CA1FBD2-516E-4459-A4F8-13834DAFBF9A}.AppStore|iPhoneSimulator.ActiveCfg = AppStore|iPhoneSimulator
		{4CA1FBD2-516E-4459-A4F8-13834DAFBF9A}.AppStore|iPhoneSimulator.Build.0 = AppStore|iPhoneSimulator
		{4CA1FBD2-516E-4459-A4F8-13834DAFBF9A}.AppStore|iPhoneSimulator.Deploy.0 = AppStore|iPhoneSimulator
		{4CA1FBD2-516E-4459-A4F8-13834DAFBF9A}.AppStore|x64.ActiveCfg = AppStore|iPhone
		{4CA1FBD2-516E-4459-A4F8-13834DAFBF9A}.AppStore|x64.Build.0 = AppStore|iPhone
		{4CA1FBD2-516E-4459-A4F8-13834DAFBF9A}.AppStore|x64.Deploy.0 = AppStore|iPhone
		{4CA1FBD2-516E-4459-A4F8-13834DAFBF9A}.AppStore|x86.ActiveCfg = AppStore|iPhone
		{4CA1FBD2-516E-4459-A4F8-13834DAFBF9A}.AppStore|x86.Build.0 = AppStore|iPhone
		{4CA1FBD2-516E-4459-A4F8-13834DAFBF9A}.AppStore|x86.Deploy.0 = AppStore|iPhone
		{4CA1FBD2-516E-4459-A4F8-13834DAFBF9A}.Debug|Any CPU.ActiveCfg = Debug|iPhoneSimulator
		{4CA1FBD2-516E-4459-A4F8-13834DAFBF9A}.Debug|Any CPU.Build.0 = Debug|iPhoneSimulator
		{4CA1FBD2-516E-4459-A4F8-13834DAFBF9A}.Debug|Any CPU.Deploy.0 = Debug|iPhoneSimulator
		{4CA1FBD2-516E-4459-A4F8-13834DAFBF9A}.Debug|ARM.ActiveCfg = Debug|iPhone
		{4CA1FBD2-516E-4459-A4F8-13834DAFBF9A}.Debug|ARM.Build.0 = Debug|iPhone
		{4CA1FBD2-516E-4459-A4F8-13834DAFBF9A}.Debug|ARM.Deploy.0 = Debug|iPhone
		{4CA1FBD2-516E-4459-A4F8-13834DAFBF9A}.Debug|iPhone.ActiveCfg = Debug|iPhone
		{4CA1FBD2-516E-4459-A4F8-13834DAFBF9A}.Debug|iPhone.Build.0 = Debug|iPhone
		{4CA1FBD2-516E-4459-A4F8-13834DAFBF9A}.Debug|iPhone.Deploy.0 = Debug|iPhone
		{4CA1FBD2-516E-4459-A4F8-13834DAFBF9A}.Debug|iPhoneSimulator.ActiveCfg = Debug|iPhoneSimulator
		{4CA1FBD2-516E-4459-A4F8-13834DAFBF9A}.Debug|iPhoneSimulator.Build.0 = Debug|iPhoneSimulator
		{4CA1FBD2-516E-4459-A4F8-13834DAFBF9A}.Debug|iPhoneSimulator.Deploy.0 = Debug|iPhoneSimulator
		{4CA1FBD2-516E-4459-A4F8-13834DAFBF9A}.Debug|x64.ActiveCfg = Debug|iPhone
		{4CA1FBD2-516E-4459-A4F8-13834DAFBF9A}.Debug|x64.Build.0 = Debug|iPhone
		{4CA1FBD2-516E-4459-A4F8-13834DAFBF9A}.Debug|x64.Deploy.0 = Debug|iPhone
		{4CA1FBD2-516E-4459-A4F8-13834DAFBF9A}.Debug|x86.ActiveCfg = Debug|iPhone
		{4CA1FBD2-516E-4459-A4F8-13834DAFBF9A}.Debug|x86.Build.0 = Debug|iPhone
		{4CA1FBD2-516E-4459-A4F8-13834DAFBF9A}.Debug|x86.Deploy.0 = Debug|iPhone
		{4CA1FBD2-516E-4459-A4F8-13834DAFBF9A}.Release|Any CPU.ActiveCfg = Release|iPhone
		{4CA1FBD2-516E-4459-A4F8-13834DAFBF9A}.Release|Any CPU.Build.0 = Release|iPhone
		{4CA1FBD2-516E-4459-A4F8-13834DAFBF9A}.Release|Any CPU.Deploy.0 = Release|iPhone
		{4CA1FBD2-516E-4459-A4F8-13834DAFBF9A}.Release|ARM.ActiveCfg = Release|iPhone
		{4CA1FBD2-516E-4459-A4F8-13834DAFBF9A}.Release|ARM.Build.0 = Release|iPhone
		{4CA1FBD2-516E-4459-A4F8-13834DAFBF9A}.Release|ARM.Deploy.0 = Release|iPhone
		{4CA1FBD2-516E-4459-A4F8-13834DAFBF9A}.Release|iPhone.ActiveCfg = Release|iPhone
		{4CA1FBD2-516E-4459-A4F8-13834DAFBF9A}.Release|iPhone.Build.0 = Release|iPhone
		{4CA1FBD2-516E-4459-A4F8-13834DAFBF9A}.Release|iPhone.Deploy.0 = Release|iPhone
		{4CA1FBD2-516E-4459-A4F8-13834DAFBF9A}.Release|iPhoneSimulator.ActiveCfg = Release|iPhoneSimulator
		{4CA1FBD2-516E-4459-A4F8-13834DAFBF9A}.Release|iPhoneSimulator.Build.0 = Release|iPhoneSimulator
		{4CA1FBD2-516E-4459-A4F8-13834DAFBF9A}.Release|iPhoneSimulator.Deploy.0 = Release|iPhoneSimulator
		{4CA1FBD2-516E-4459-A4F8-13834DAFBF9A}.Release|x64.ActiveCfg = Release|iPhone
		{4CA1FBD2-516E-4459-A4F8-13834DAFBF9A}.Release|x64.Build.0 = Release|iPhone
		{4CA1FBD2-516E-4459-A4F8-13834DAFBF9A}.Release|x64.Deploy.0 = Release|iPhone
		{4CA1FBD2-516E-4459-A4F8-13834DAFBF9A}.Release|x86.ActiveCfg = Release|iPhone
		{4CA1FBD2-516E-4459-A4F8-13834DAFBF9A}.Release|x86.Build.0 = Release|iPhone
		{4CA1FBD2-516E-4459-A4F8-13834DAFBF9A}.Release|x86.Deploy.0 = Release|iPhone
		{4993578A-56F0-4B55-97B8-91D8207B3CF9}.Ad-Hoc|Any CPU.ActiveCfg = Release|x86
		{4993578A-56F0-4B55-97B8-91D8207B3CF9}.Ad-Hoc|Any CPU.Build.0 = Release|x86
		{4993578A-56F0-4B55-97B8-91D8207B3CF9}.Ad-Hoc|Any CPU.Deploy.0 = Release|x86
		{4993578A-56F0-4B55-97B8-91D8207B3CF9}.Ad-Hoc|ARM.ActiveCfg = Release|ARM
		{4993578A-56F0-4B55-97B8-91D8207B3CF9}.Ad-Hoc|ARM.Build.0 = Release|ARM
		{4993578A-56F0-4B55-97B8-91D8207B3CF9}.Ad-Hoc|ARM.Deploy.0 = Release|ARM
		{4993578A-56F0-4B55-97B8-91D8207B3CF9}.Ad-Hoc|iPhone.ActiveCfg = Release|x86
		{4993578A-56F0-4B55-97B8-91D8207B3CF9}.Ad-Hoc|iPhone.Build.0 = Release|x86
		{4993578A-56F0-4B55-97B8-91D8207B3CF9}.Ad-Hoc|iPhone.Deploy.0 = Release|x86
		{4993578A-56F0-4B55-97B8-91D8207B3CF9}.Ad-Hoc|iPhoneSimulator.ActiveCfg = Release|x86
		{4993578A-56F0-4B55-97B8-91D8207B3CF9}.Ad-Hoc|iPhoneSimulator.Build.0 = Release|x86
		{4993578A-56F0-4B55-97B8-91D8207B3CF9}.Ad-Hoc|iPhoneSimulator.Deploy.0 = Release|x86
		{4993578A-56F0-4B55-97B8-91D8207B3CF9}.Ad-Hoc|x64.ActiveCfg = Release|x64
		{4993578A-56F0-4B55-97B8-91D8207B3CF9}.Ad-Hoc|x64.Build.0 = Release|x64
		{4993578A-56F0-4B55-97B8-91D8207B3CF9}.Ad-Hoc|x64.Deploy.0 = Release|x64
		{4993578A-56F0-4B55-97B8-91D8207B3CF9}.Ad-Hoc|x86.ActiveCfg = Release|x86
		{4993578A-56F0-4B55-97B8-91D8207B3CF9}.Ad-Hoc|x86.Build.0 = Release|x86
		{4993578A-56F0-4B55-97B8-91D8207B3CF9}.Ad-Hoc|x86.Deploy.0 = Release|x86
		{4993578A-56F0-4B55-97B8-91D8207B3CF9}.AppStore|Any CPU.ActiveCfg = Release|x86
		{4993578A-56F0-4B55-97B8-91D8207B3CF9}.AppStore|Any CPU.Build.0 = Release|x86
		{4993578A-56F0-4B55-97B8-91D8207B3CF9}.AppStore|Any CPU.Deploy.0 = Release|x86
		{4993578A-56F0-4B55-97B8-91D8207B3CF9}.AppStore|ARM.ActiveCfg = Release|ARM
		{4993578A-56F0-4B55-97B8-91D8207B3CF9}.AppStore|ARM.Build.0 = Release|ARM
		{4993578A-56F0-4B55-97B8-91D8207B3CF9}.AppStore|ARM.Deploy.0 = Release|ARM
		{4993578A-56F0-4B55-97B8-91D8207B3CF9}.AppStore|iPhone.ActiveCfg = Release|x86
		{4993578A-56F0-4B55-97B8-91D8207B3CF9}.AppStore|iPhone.Build.0 = Release|x86
		{4993578A-56F0-4B55-97B8-91D8207B3CF9}.AppStore|iPhone.Deploy.0 = Release|x86
		{4993578A-56F0-4B55-97B8-91D8207B3CF9}.AppStore|iPhoneSimulator.ActiveCfg = Release|x86
		{4993578A-56F0-4B55-97B8-91D8207B3CF9}.AppStore|iPhoneSimulator.Build.0 = Release|x86
		{4993578A-56F0-4B55-97B8-91D8207B3CF9}.AppStore|iPhoneSimulator.Deploy.0 = Release|x86
		{4993578A-56F0-4B55-97B8-91D8207B3CF9}.AppStore|x64.ActiveCfg = Release|x64
		{4993578A-56F0-4B55-97B8-91D8207B3CF9}.AppStore|x64.Build.0 = Release|x64
		{4993578A-56F0-4B55-97B8-91D8207B3CF9}.AppStore|x64.Deploy.0 = Release|x64
		{4993578A-56F0-4B55-97B8-91D8207B3CF9}.AppStore|x86.ActiveCfg = Release|x86
		{4993578A-56F0-4B55-97B8-91D8207B3CF9}.AppStore|x86.Build.0 = Release|x86
		{4993578A-56F0-4B55-97B8-91D8207B3CF9}.AppStore|x86.Deploy.0 = Release|x86
		{4993578A-56F0-4B55-97B8-91D8207B3CF9}.Debug|Any CPU.ActiveCfg = Debug|x86
		{4993578A-56F0-4B55-97B8-91D8207B3CF9}.Debug|Any CPU.Build.0 = Debug|x86
		{4993578A-56F0-4B55-97B8-91D8207B3CF9}.Debug|Any CPU.Deploy.0 = Debug|x86
		{4993578A-56F0-4B55-97B8-91D8207B3CF9}.Debug|ARM.ActiveCfg = Debug|ARM
		{4993578A-56F0-4B55-97B8-91D8207B3CF9}.Debug|ARM.Build.0 = Debug|ARM
		{4993578A-56F0-4B55-97B8-91D8207B3CF9}.Debug|ARM.Deploy.0 = Debug|ARM
		{4993578A-56F0-4B55-97B8-91D8207B3CF9}.Debug|iPhone.ActiveCfg = Debug|x86
		{4993578A-56F0-4B55-97B8-91D8207B3CF9}.Debug|iPhone.Build.0 = Debug|x86
		{4993578A-56F0-4B55-97B8-91D8207B3CF9}.Debug|iPhone.Deploy.0 = Debug|x86
		{4993578A-56F0-4B55-97B8-91D8207B3CF9}.Debug|iPhoneSimulator.ActiveCfg = Debug|x86
		{4993578A-56F0-4B55-97B8-91D8207B3CF9}.Debug|iPhoneSimulator.Build.0 = Debug|x86
		{4993578A-56F0-4B55-97B8-91D8207B3CF9}.Debug|iPhoneSimulator.Deploy.0 = Debug|x86
		{4993578A-56F0-4B55-97B8-91D8207B3CF9}.Debug|x64.ActiveCfg = Debug|x64
		{4993578A-56F0-4B55-97B8-91D8207B3CF9}.Debug|x64.Build.0 = Debug|x64
		{4993578A-56F0-4B55-97B8-91D8207B3CF9}.Debug|x64.Deploy.0 = Debug|x64
		{4993578A-56F0-4B55-97B8-91D8207B3CF9}.Debug|x86.ActiveCfg = Debug|x86
		{4993578A-56F0-4B55-97B8-91D8207B3CF9}.Debug|x86.Build.0 = Debug|x86
		{4993578A-56F0-4B55-97B8-91D8207B3CF9}.Debug|x86.Deploy.0 = Debug|x86
		{4993578A-56F0-4B55-97B8-91D8207B3CF9}.Release|Any CPU.ActiveCfg = Release|x86
		{4993578A-56F0-4B55-97B8-91D8207B3CF9}.Release|Any CPU.Build.0 = Release|x86
		{4993578A-56F0-4B55-97B8-91D8207B3CF9}.Release|Any CPU.Deploy.0 = Release|x86
		{4993578A-56F0-4B55-97B8-91D8207B3CF9}.Release|ARM.ActiveCfg = Release|ARM
		{4993578A-56F0-4B55-97B8-91D8207B3CF9}.Release|ARM.Build.0 = Release|ARM
		{4993578A-56F0-4B55-97B8-91D8207B3CF9}.Release|ARM.Deploy.0 = Release|ARM
		{4993578A-56F0-4B55-97B8-91D8207B3CF9}.Release|iPhone.ActiveCfg = Release|x86
		{4993578A-56F0-4B55-97B8-91D8207B3CF9}.Release|iPhone.Build.0 = Release|x86
		{4993578A-56F0-4B55-97B8-91D8207B3CF9}.Release|iPhone.Deploy.0 = Release|x86
		{4993578A-56F0-4B55-97B8-91D8207B3CF9}.Release|iPhoneSimulator.ActiveCfg = Release|x86
		{4993578A-56F0-4B55-97B8-91D8207B3CF9}.Release|iPhoneSimulator.Build.0 = Release|x86
		{4993578A-56F0-4B55-97B8-91D8207B3CF9}.Release|iPhoneSimulator.Deploy.0 = Release|x86
		{4993578A-56F0-4B55-97B8-91D8207B3CF9}.Release|x64.ActiveCfg = Release|x64
		{4993578A-56F0-4B55-97B8-91D8207B3CF9}.Release|x64.Build.0 = Release|x64
		{4993578A-56F0-4B55-97B8-91D8207B3CF9}.Release|x64.Deploy.0 = Release|x64
		{4993578A-56F0-4B55-97B8-91D8207B3CF9}.Release|x86.ActiveCfg = Release|x86
		{4993578A-56F0-4B55-97B8-91D8207B3CF9}.Release|x86.Build.0 = Release|x86
		{4993578A-56F0-4B55-97B8-91D8207B3CF9}.Release|x86.Deploy.0 = Release|x86
		{FA1B90CD-F31A-4E93-8205-8CD8AE13C638}.Ad-Hoc|Any CPU.ActiveCfg = Debug|Any CPU
		{FA1B90CD-F31A-4E93-8205-8CD8AE13C638}.Ad-Hoc|Any CPU.Build.0 = Debug|Any CPU
		{FA1B90CD-F31A-4E93-8205-8CD8AE13C638}.Ad-Hoc|Any CPU.Deploy.0 = Debug|Any CPU
		{FA1B90CD-F31A-4E93-8205-8CD8AE13C638}.Ad-Hoc|ARM.ActiveCfg = Debug|Any CPU
		{FA1B90CD-F31A-4E93-8205-8CD8AE13C638}.Ad-Hoc|ARM.Build.0 = Debug|Any CPU
		{FA1B90CD-F31A-4E93-8205-8CD8AE13C638}.Ad-Hoc|ARM.Deploy.0 = Debug|Any CPU
		{FA1B90CD-F31A-4E93-8205-8CD8AE13C638}.Ad-Hoc|iPhone.ActiveCfg = Debug|Any CPU
		{FA1B90CD-F31A-4E93-8205-8CD8AE13C638}.Ad-Hoc|iPhone.Build.0 = Debug|Any CPU
		{FA1B90CD-F31A-4E93-8205-8CD8AE13C638}.Ad-Hoc|iPhone.Deploy.0 = Debug|Any CPU
		{FA1B90CD-F31A-4E93-8205-8CD8AE13C638}.Ad-Hoc|iPhoneSimulator.ActiveCfg = Debug|Any CPU
		{FA1B90CD-F31A-4E93-8205-8CD8AE13C638}.Ad-Hoc|iPhoneSimulator.Build.0 = Debug|Any CPU
		{FA1B90CD-F31A-4E93-8205-8CD8AE13C638}.Ad-Hoc|iPhoneSimulator.Deploy.0 = Debug|Any CPU
		{FA1B90CD-F31A-4E93-8205-8CD8AE13C638}.Ad-Hoc|x64.ActiveCfg = Debug|Any CPU
		{FA1B90CD-F31A-4E93-8205-8CD8AE13C638}.Ad-Hoc|x64.Build.0 = Debug|Any CPU
		{FA1B90CD-F31A-4E93-8205-8CD8AE13C638}.Ad-Hoc|x64.Deploy.0 = Debug|Any CPU
		{FA1B90CD-F31A-4E93-8205-8CD8AE13C638}.Ad-Hoc|x86.ActiveCfg = Debug|Any CPU
		{FA1B90CD-F31A-4E93-8205-8CD8AE13C638}.Ad-Hoc|x86.Build.0 = Debug|Any CPU
		{FA1B90CD-F31A-4E93-8205-8CD8AE13C638}.Ad-Hoc|x86.Deploy.0 = Debug|Any CPU
		{FA1B90CD-F31A-4E93-8205-8CD8AE13C638}.AppStore|Any CPU.ActiveCfg = Debug|Any CPU
		{FA1B90CD-F31A-4E93-8205-8CD8AE13C638}.AppStore|Any CPU.Build.0 = Debug|Any CPU
		{FA1B90CD-F31A-4E93-8205-8CD8AE13C638}.AppStore|Any CPU.Deploy.0 = Debug|Any CPU
		{FA1B90CD-F31A-4E93-8205-8CD8AE13C638}.AppStore|ARM.ActiveCfg = Debug|Any CPU
		{FA1B90CD-F31A-4E93-8205-8CD8AE13C638}.AppStore|ARM.Build.0 = Debug|Any CPU
		{FA1B90CD-F31A-4E93-8205-8CD8AE13C638}.AppStore|ARM.Deploy.0 = Debug|Any CPU
		{FA1B90CD-F31A-4E93-8205-8CD8AE13C638}.AppStore|iPhone.ActiveCfg = Debug|Any CPU
		{FA1B90CD-F31A-4E93-8205-8CD8AE13C638}.AppStore|iPhone.Build.0 = Debug|Any CPU
		{FA1B90CD-F31A-4E93-8205-8CD8AE13C638}.AppStore|iPhone.Deploy.0 = Debug|Any CPU
		{FA1B90CD-F31A-4E93-8205-8CD8AE13C638}.AppStore|iPhoneSimulator.ActiveCfg = Debug|Any CPU
		{FA1B90CD-F31A-4E93-8205-8CD8AE13C638}.AppStore|iPhoneSimulator.Build.0 = Debug|Any CPU
		{FA1B90CD-F31A-4E93-8205-8CD8AE13C638}.AppStore|iPhoneSimulator.Deploy.0 = Debug|Any CPU
		{FA1B90CD-F31A-4E93-8205-8CD8AE13C638}.AppStore|x64.ActiveCfg = Debug|Any CPU
		{FA1B90CD-F31A-4E93-8205-8CD8AE13C638}.AppStore|x64.Build.0 = Debug|Any CPU
		{FA1B90CD-F31A-4E93-8205-8CD8AE13C638}.AppStore|x64.Deploy.0 = Debug|Any CPU
		{FA1B90CD-F31A-4E93-8205-8CD8AE13C638}.AppStore|x86.ActiveCfg = Debug|Any CPU
		{FA1B90CD-F31A-4E93-8205-8CD8AE13C638}.AppStore|x86.Build.0 = Debug|Any CPU
		{FA1B90CD-F31A-4E93-8205-8CD8AE13C638}.AppStore|x86.Deploy.0 = Debug|Any CPU
		{FA1B90CD-F31A-4E93-8205-8CD8AE13C638}.Debug|Any CPU.ActiveCfg = Debug|Any CPU
		{FA1B90CD-F31A-4E93-8205-8CD8AE13C638}.Debug|Any CPU.Build.0 = Debug|Any CPU
		{FA1B90CD-F31A-4E93-8205-8CD8AE13C638}.Debug|Any CPU.Deploy.0 = Debug|Any CPU
		{FA1B90CD-F31A-4E93-8205-8CD8AE13C638}.Debug|ARM.ActiveCfg = Debug|Any CPU
		{FA1B90CD-F31A-4E93-8205-8CD8AE13C638}.Debug|ARM.Build.0 = Debug|Any CPU
		{FA1B90CD-F31A-4E93-8205-8CD8AE13C638}.Debug|ARM.Deploy.0 = Debug|Any CPU
		{FA1B90CD-F31A-4E93-8205-8CD8AE13C638}.Debug|iPhone.ActiveCfg = Debug|Any CPU
		{FA1B90CD-F31A-4E93-8205-8CD8AE13C638}.Debug|iPhone.Build.0 = Debug|Any CPU
		{FA1B90CD-F31A-4E93-8205-8CD8AE13C638}.Debug|iPhone.Deploy.0 = Debug|Any CPU
		{FA1B90CD-F31A-4E93-8205-8CD8AE13C638}.Debug|iPhoneSimulator.ActiveCfg = Debug|Any CPU
		{FA1B90CD-F31A-4E93-8205-8CD8AE13C638}.Debug|iPhoneSimulator.Build.0 = Debug|Any CPU
		{FA1B90CD-F31A-4E93-8205-8CD8AE13C638}.Debug|iPhoneSimulator.Deploy.0 = Debug|Any CPU
		{FA1B90CD-F31A-4E93-8205-8CD8AE13C638}.Debug|x64.ActiveCfg = Debug|Any CPU
		{FA1B90CD-F31A-4E93-8205-8CD8AE13C638}.Debug|x64.Build.0 = Debug|Any CPU
		{FA1B90CD-F31A-4E93-8205-8CD8AE13C638}.Debug|x64.Deploy.0 = Debug|Any CPU
		{FA1B90CD-F31A-4E93-8205-8CD8AE13C638}.Debug|x86.ActiveCfg = Debug|Any CPU
		{FA1B90CD-F31A-4E93-8205-8CD8AE13C638}.Debug|x86.Build.0 = Debug|Any CPU
		{FA1B90CD-F31A-4E93-8205-8CD8AE13C638}.Debug|x86.Deploy.0 = Debug|Any CPU
		{FA1B90CD-F31A-4E93-8205-8CD8AE13C638}.Release|Any CPU.ActiveCfg = Release|Any CPU
		{FA1B90CD-F31A-4E93-8205-8CD8AE13C638}.Release|Any CPU.Build.0 = Release|Any CPU
		{FA1B90CD-F31A-4E93-8205-8CD8AE13C638}.Release|Any CPU.Deploy.0 = Release|Any CPU
		{FA1B90CD-F31A-4E93-8205-8CD8AE13C638}.Release|ARM.ActiveCfg = Release|Any CPU
		{FA1B90CD-F31A-4E93-8205-8CD8AE13C638}.Release|ARM.Build.0 = Release|Any CPU
		{FA1B90CD-F31A-4E93-8205-8CD8AE13C638}.Release|ARM.Deploy.0 = Release|Any CPU
		{FA1B90CD-F31A-4E93-8205-8CD8AE13C638}.Release|iPhone.ActiveCfg = Release|Any CPU
		{FA1B90CD-F31A-4E93-8205-8CD8AE13C638}.Release|iPhone.Build.0 = Release|Any CPU
		{FA1B90CD-F31A-4E93-8205-8CD8AE13C638}.Release|iPhone.Deploy.0 = Release|Any CPU
		{FA1B90CD-F31A-4E93-8205-8CD8AE13C638}.Release|iPhoneSimulator.ActiveCfg = Release|Any CPU
		{FA1B90CD-F31A-4E93-8205-8CD8AE13C638}.Release|iPhoneSimulator.Build.0 = Release|Any CPU
		{FA1B90CD-F31A-4E93-8205-8CD8AE13C638}.Release|iPhoneSimulator.Deploy.0 = Release|Any CPU
		{FA1B90CD-F31A-4E93-8205-8CD8AE13C638}.Release|x64.ActiveCfg = Release|Any CPU
		{FA1B90CD-F31A-4E93-8205-8CD8AE13C638}.Release|x64.Build.0 = Release|Any CPU
		{FA1B90CD-F31A-4E93-8205-8CD8AE13C638}.Release|x64.Deploy.0 = Release|Any CPU
		{FA1B90CD-F31A-4E93-8205-8CD8AE13C638}.Release|x86.ActiveCfg = Release|Any CPU
		{FA1B90CD-F31A-4E93-8205-8CD8AE13C638}.Release|x86.Build.0 = Release|Any CPU
		{FA1B90CD-F31A-4E93-8205-8CD8AE13C638}.Release|x86.Deploy.0 = Release|Any CPU
	EndGlobalSection
	GlobalSection(SolutionProperties) = preSolution
		HideSolutionNode = FALSE
	EndGlobalSection
	GlobalSection(ExtensibilityGlobals) = postSolution
		SolutionGuid = {87C85E45-E38C-4A22-938E-1C1DFB249EFA}
	EndGlobalSection
EndGlobal
